
Microsoft Visual Studio Solution File, Format Version 12.00
# Visual Studio 2012
Project("{8BC9CEB8-8B4A-11D0-8D11-00A0C91BC942}") = "API Project3", "API Project3\API Project3.vcxproj", "{2DBC896B-3CFD-45E7-9F4D-D3D7485F7C59}"
EndProject
Global
	GlobalSection(SolutionConfigurationPlatforms) = preSolution
		Debug|Win32 = Debug|Win32
		Release|Win32 = Release|Win32
	EndGlobalSection
	GlobalSection(ProjectConfigurationPlatforms) = postSolution
		{2DBC896B-3CFD-45E7-9F4D-D3D7485F7C59}.Debug|Win32.ActiveCfg = Debug|Win32
		{2DBC896B-3CFD-45E7-9F4D-D3D7485F7C59}.Debug|Win32.Build.0 = Debug|Win32
		{2DBC896B-3CFD-45E7-9F4D-D3D7485F7C59}.Release|Win32.ActiveCfg = Release|Win32
		{2DBC896B-3CFD-45E7-9F4D-D3D7485F7C59}.Release|Win32.Build.0 = Release|Win32
	EndGlobalSection
	GlobalSection(SolutionProperties) = preSolution
		HideSolutionNode = FALSE
	EndGlobalSection
EndGlobal
