
Microsoft Visual Studio Solution File, Format Version 12.00
# Visual Studio 2012
Project("{8BC9CEB8-8B4A-11D0-8D11-00A0C91BC942}") = "API Project2", "API Project2\API Project2.vcxproj", "{5AF95B47-1ED7-4424-9359-45F1652F8063}"
EndProject
Global
	GlobalSection(SolutionConfigurationPlatforms) = preSolution
		Debug|Win32 = Debug|Win32
		Release|Win32 = Release|Win32
	EndGlobalSection
	GlobalSection(ProjectConfigurationPlatforms) = postSolution
		{5AF95B47-1ED7-4424-9359-45F1652F8063}.Debug|Win32.ActiveCfg = Debug|Win32
		{5AF95B47-1ED7-4424-9359-45F1652F8063}.Debug|Win32.Build.0 = Debug|Win32
		{5AF95B47-1ED7-4424-9359-45F1652F8063}.Release|Win32.ActiveCfg = Release|Win32
		{5AF95B47-1ED7-4424-9359-45F1652F8063}.Release|Win32.Build.0 = Release|Win32
	EndGlobalSection
	GlobalSection(SolutionProperties) = preSolution
		HideSolutionNode = FALSE
	EndGlobalSection
EndGlobal
