
Microsoft Visual Studio Solution File, Format Version 12.00
# Visual Studio 2012
Project("{FAE04EC0-301F-11D3-BF4B-00C04F79EFBC}") = "DB_2", "DB_2\DB_2.csproj", "{8B41AAB9-9ED4-4C06-83C7-A367758BCC2C}"
EndProject
Global
	GlobalSection(SolutionConfigurationPlatforms) = preSolution
		Debug|Any CPU = Debug|Any CPU
		Release|Any CPU = Release|Any CPU
	EndGlobalSection
	GlobalSection(ProjectConfigurationPlatforms) = postSolution
		{8B41AAB9-9ED4-4C06-83C7-A367758BCC2C}.Debug|Any CPU.ActiveCfg = Debug|Any CPU
		{8B41AAB9-9ED4-4C06-83C7-A367758BCC2C}.Debug|Any CPU.Build.0 = Debug|Any CPU
		{8B41AAB9-9ED4-4C06-83C7-A367758BCC2C}.Release|Any CPU.ActiveCfg = Release|Any CPU
		{8B41AAB9-9ED4-4C06-83C7-A367758BCC2C}.Release|Any CPU.Build.0 = Release|Any CPU
	EndGlobalSection
	GlobalSection(SolutionProperties) = preSolution
		HideSolutionNode = FALSE
	EndGlobalSection
EndGlobal
