
Microsoft Visual Studio Solution File, Format Version 12.00
# Visual Studio 2012
Project("{8BC9CEB8-8B4A-11D0-8D11-00A0C91BC942}") = "Client", "Client\Client.vcxproj", "{CD115F65-0752-4AAD-A2EC-2E628900B2BB}"
EndProject
Global
	GlobalSection(SolutionConfigurationPlatforms) = preSolution
		Debug|Win32 = Debug|Win32
		Release|Win32 = Release|Win32
	EndGlobalSection
	GlobalSection(ProjectConfigurationPlatforms) = postSolution
		{CD115F65-0752-4AAD-A2EC-2E628900B2BB}.Debug|Win32.ActiveCfg = Debug|Win32
		{CD115F65-0752-4AAD-A2EC-2E628900B2BB}.Debug|Win32.Build.0 = Debug|Win32
		{CD115F65-0752-4AAD-A2EC-2E628900B2BB}.Release|Win32.ActiveCfg = Release|Win32
		{CD115F65-0752-4AAD-A2EC-2E628900B2BB}.Release|Win32.Build.0 = Release|Win32
	EndGlobalSection
	GlobalSection(SolutionProperties) = preSolution
		HideSolutionNode = FALSE
	EndGlobalSection
EndGlobal
